
Microsoft Visual Studio Solution File, Format Version 12.00
Project("{FAE04EC0-301F-11D3-BF4B-00C04F79EFBC}") = "GDSC_Challange", "GDSC_Challange\GDSC_Challange.csproj", "{BF880B37-75F0-4149-A442-D151069063A3}"
EndProject
Global
	GlobalSection(SolutionConfigurationPlatforms) = preSolution
		Debug|Any CPU = Debug|Any CPU
		Release|Any CPU = Release|Any CPU
	EndGlobalSection
	GlobalSection(ProjectConfigurationPlatforms) = postSolution
		{BF880B37-75F0-4149-A442-D151069063A3}.Debug|Any CPU.ActiveCfg = Debug|Any CPU
		{BF880B37-75F0-4149-A442-D151069063A3}.Debug|Any CPU.Build.0 = Debug|Any CPU
		{BF880B37-75F0-4149-A442-D151069063A3}.Release|Any CPU.ActiveCfg = Release|Any CPU
		{BF880B37-75F0-4149-A442-D151069063A3}.Release|Any CPU.Build.0 = Release|Any CPU
	EndGlobalSection
EndGlobal
